
Microsoft Visual Studio Solution File, Format Version 12.00
# Visual Studio Version 16
VisualStudioVersion = 16.0.29926.136
MinimumVisualStudioVersion = 10.0.40219.1
Project("{9A19103F-16F7-4668-BE54-9A1E7A4F7556}") = "ALISS", "ALISS\ALISS.csproj", "{DE4CE4BE-50D2-4623-A473-C9F03C2114C0}"
EndProject
Project("{2150E333-8FDC-42A3-9474-1A3956D46DE8}") = "00_Library", "00_Library", "{B4EC53D7-DC1B-4724-800B-678327FF53D7}"
EndProject
Project("{2150E333-8FDC-42A3-9474-1A3956D46DE8}") = "01_Upload", "01_Upload", "{29C5801E-5A36-44F7-A44B-EA045DFDDF85}"
EndProject
Project("{2150E333-8FDC-42A3-9474-1A3956D46DE8}") = "02_Mapping", "02_Mapping", "{A35B2AED-15B3-46D8-A4B2-5C6DAE19698F}"
EndProject
Project("{2150E333-8FDC-42A3-9474-1A3956D46DE8}") = "03_Process", "03_Process", "{E1699756-8B83-4C50-B632-DF0E94DB71AF}"
EndProject
Project("{2150E333-8FDC-42A3-9474-1A3956D46DE8}") = "04_UserManagement", "04_UserManagement", "{4642A12B-B33F-4A05-A84D-FBE39E270863}"
EndProject
Project("{2150E333-8FDC-42A3-9474-1A3956D46DE8}") = "05_HISData", "05_HISData", "{DAFB5249-F6C4-4390-A00B-CCF636576499}"
EndProject
Project("{2150E333-8FDC-42A3-9474-1A3956D46DE8}") = "06_Report", "06_Report", "{C30B786F-BDCD-433D-B190-51BCD6C1FD21}"
EndProject
Project("{9A19103F-16F7-4668-BE54-9A1E7A4F7556}") = "ALISS.ApiGateway", "ALISS.ApiGateway\ALISS.ApiGateway.csproj", "{05C90ABA-05B8-46A9-AAB0-16F327E3CDD6}"
EndProject
Project("{9A19103F-16F7-4668-BE54-9A1E7A4F7556}") = "Log4NetLibrary", "00_Library\Log4NetLibrary\Log4NetLibrary.csproj", "{B83B6F0C-733A-45FE-9EC0-CFE8D4B17C4F}"
EndProject
Project("{9A19103F-16F7-4668-BE54-9A1E7A4F7556}") = "ALISS.AUTH.Api", "04_UserManagement\ALISS.AUTH.Api\ALISS.AUTH.Api.csproj", "{14534DDA-453D-4213-A45B-35232984B6DA}"
EndProject
Project("{9A19103F-16F7-4668-BE54-9A1E7A4F7556}") = "ALISS.AUTH.DTO", "04_UserManagement\ALISS.AUTH.DTO\ALISS.AUTH.DTO.csproj", "{33E1CA5F-33A9-4A57-9E24-E77E94B5A5AE}"
EndProject
Project("{9A19103F-16F7-4668-BE54-9A1E7A4F7556}") = "ALISS.AUTH.Library", "04_UserManagement\ALISS.AUTH.Library\ALISS.AUTH.Library.csproj", "{05DEA2F2-4AE8-4DA8-9CCC-668E3E77B297}"
EndProject
Project("{9A19103F-16F7-4668-BE54-9A1E7A4F7556}") = "ALISS.AUTH.Library.Tests", "04_UserManagement\ALISS.AUTH.Library.Tests\ALISS.AUTH.Library.Tests.csproj", "{2E006C0C-304F-4F3D-871C-C1A8F5DA7CA6}"
EndProject
Project("{2150E333-8FDC-42A3-9474-1A3956D46DE8}") = "00_Master", "00_Master", "{EBAE5226-433A-4892-9ED6-F623CDB33926}"
EndProject
Project("{9A19103F-16F7-4668-BE54-9A1E7A4F7556}") = "ALISS.Master.Api", "00_Master\ALISS.Master.Api\ALISS.Master.Api.csproj", "{706FB491-A69E-464A-B80C-E742205017A4}"
EndProject
Project("{9A19103F-16F7-4668-BE54-9A1E7A4F7556}") = "ALISS.Master.DTO", "00_Master\ALISS.Master.DTO\ALISS.Master.DTO.csproj", "{777D2653-F8E5-49CE-AAAC-B53225D243FC}"
EndProject
Project("{9A19103F-16F7-4668-BE54-9A1E7A4F7556}") = "ALISS.Master.Library", "00_Master\ALISS.Master.Library\ALISS.Master.Library.csproj", "{79FA5286-557D-4BCB-BF84-75A479F49F1A}"
EndProject
Project("{9A19103F-16F7-4668-BE54-9A1E7A4F7556}") = "ALISS.Master.Library.Test", "00_Master\ALISS.Master.Library.Test\ALISS.Master.Library.Test.csproj", "{AB4A19E4-1568-4BFA-A931-1F9F38EB0963}"
EndProject
Project("{9A19103F-16F7-4668-BE54-9A1E7A4F7556}") = "ALISS.MasterManagement.Api", "04_UserManagement\ALISS.MasterManagement.Api\ALISS.MasterManagement.Api.csproj", "{0836F5BC-84E9-4621-A199-1C4CB0231818}"
EndProject
Project("{9A19103F-16F7-4668-BE54-9A1E7A4F7556}") = "ALISS.MasterManagement.Library", "04_UserManagement\ALISS.MasterManagement.Library\ALISS.MasterManagement.Library.csproj", "{4DFF7D54-2513-429E-8485-C3D989AC9487}"
EndProject
Project("{9A19103F-16F7-4668-BE54-9A1E7A4F7556}") = "ALISS.MasterManagement.DTO", "04_UserManagement\ALISS.MasterManagement.DTO\ALISS.MasterManagement.DTO.csproj", "{4974FE82-053A-41DC-B943-E079BC294AD4}"
EndProject
Project("{9A19103F-16F7-4668-BE54-9A1E7A4F7556}") = "ALISS.MasterManagement.Library.Test", "04_UserManagement\ALISS.MasterManagement.Library.Test\ALISS.MasterManagement.Library.Test.csproj", "{E605EC5E-4977-44AA-9522-10359BBA2497}"
EndProject
Project("{9A19103F-16F7-4668-BE54-9A1E7A4F7556}") = "ALISS.UserManagement.Api", "04_UserManagement\ALISS.UserManagement.Api\ALISS.UserManagement.Api.csproj", "{A7CD9E08-4586-4B6E-9A0B-27D74C1AFA4A}"
EndProject
Project("{9A19103F-16F7-4668-BE54-9A1E7A4F7556}") = "ALISS.UserManagement.Library", "04_UserManagement\ALISS.UserManagement.Library\ALISS.UserManagement.Library.csproj", "{83A7CC83-6970-4F42-BB13-965A1633FF30}"
EndProject
Project("{9A19103F-16F7-4668-BE54-9A1E7A4F7556}") = "ALISS.UserManagement.DTO", "04_UserManagement\ALISS.UserManagement.DTO\ALISS.UserManagement.DTO.csproj", "{1FB8E180-D427-43F5-AFB5-31CCA0ED9ABB}"
EndProject
Project("{9A19103F-16F7-4668-BE54-9A1E7A4F7556}") = "ALISS.UserManagement.Library.Test", "04_UserManagement\ALISS.UserManagement.Library.Test\ALISS.UserManagement.Library.Test.csproj", "{FAA730E3-7AB7-4AD1-9CF9-179ECB158089}"
EndProject
Project("{9A19103F-16F7-4668-BE54-9A1E7A4F7556}") = "ALISS.Process.Api", "03_Process\ALISS.Process.Api\ALISS.Process.Api.csproj", "{317272E1-198C-4C70-9145-35359381DB82}"
EndProject
Project("{9A19103F-16F7-4668-BE54-9A1E7A4F7556}") = "ALISS.Process.Library", "03_Process\ALISS.Process.Library\ALISS.Process.Library.csproj", "{287F9124-8350-401E-A5AC-3AF72A3E66EB}"
EndProject
Project("{9A19103F-16F7-4668-BE54-9A1E7A4F7556}") = "ALISS.Process.DTO", "03_Process\ALISS.Process.DTO\ALISS.Process.DTO.csproj", "{CE76FE30-8976-4E4D-B13F-42172E47E613}"
EndProject
Project("{9A19103F-16F7-4668-BE54-9A1E7A4F7556}") = "ALISS.Process.Library.Test", "03_Process\ALISS.Process.Library.Test\ALISS.Process.Library.Test.csproj", "{EB94D654-D5C7-4F52-AF86-4EE2F1E94659}"
EndProject
Project("{9A19103F-16F7-4668-BE54-9A1E7A4F7556}") = "ALISS.DropDownList.Api", "00_Master\ALISS.DropDownList.Api\ALISS.DropDownList.Api.csproj", "{8B6F832D-0A85-4B37-A630-7752BC2F6E38}"
EndProject
Project("{9A19103F-16F7-4668-BE54-9A1E7A4F7556}") = "ALISS.DropDownList.DTO", "00_Master\ALISS.DropDownList.DTO\ALISS.DropDownList.DTO.csproj", "{8BB54A81-2437-4FD9-8491-4E2F5DCCD69F}"
EndProject
Project("{9A19103F-16F7-4668-BE54-9A1E7A4F7556}") = "ALISS.DropDownList.Library", "00_Master\ALISS.DropDownList.Library\ALISS.DropDownList.Library.csproj", "{9FA12EB2-64DF-4403-B9B3-CAFD1F030E34}"
EndProject
Project("{9A19103F-16F7-4668-BE54-9A1E7A4F7556}") = "ALISS.LoginManagement.Api", "00_Master\ALISS.LoginManagement.Api\ALISS.LoginManagement.Api.csproj", "{4FA6699B-96BB-40CF-9C54-8FAFB48866A2}"
EndProject
Project("{9A19103F-16F7-4668-BE54-9A1E7A4F7556}") = "ALISS.LoginManagement.DTO", "00_Master\ALISS.LoginManagement.DTO\ALISS.LoginManagement.DTO.csproj", "{10FD086A-3A9E-469B-81C6-820384C7B005}"
EndProject
Project("{9A19103F-16F7-4668-BE54-9A1E7A4F7556}") = "ALISS.LoginManagement.Library", "00_Master\ALISS.LoginManagement.Library\ALISS.LoginManagement.Library.csproj", "{4C92CEE0-1710-4A45-935E-567F6F62EEC8}"
EndProject
Project("{9A19103F-16F7-4668-BE54-9A1E7A4F7556}") = "ALISS.Mapping.Api", "02_Mapping\ALISS.Mapping.Api\ALISS.Mapping.Api.csproj", "{1C5F1A2B-06ED-43AF-9ACB-53EB8FB9A3C3}"
EndProject
Project("{9A19103F-16F7-4668-BE54-9A1E7A4F7556}") = "ALISS.Mapping.DTO", "02_Mapping\ALISS.Mapping.DTO\ALISS.Mapping.DTO.csproj", "{CD07C7E1-945C-4FB5-88DA-0BC1344E88C3}"
EndProject
Project("{9A19103F-16F7-4668-BE54-9A1E7A4F7556}") = "ALISS.Mapping.Library", "02_Mapping\ALISS.Mapping.Library\ALISS.Mapping.Library.csproj", "{2BEA8FA1-46A0-4E26-99D7-A7C3F3B1A14C}"
EndProject
Project("{9A19103F-16F7-4668-BE54-9A1E7A4F7556}") = "ALISS.LabFileUpload.Api", "01_Upload\ALISS.LabFileUpload.Api\ALISS.LabFileUpload.Api.csproj", "{6DB7F892-5A28-40FE-8A8B-1EBFBC043F9D}"
EndProject
Project("{9A19103F-16F7-4668-BE54-9A1E7A4F7556}") = "ALISS.LabFileUpload.DTO", "01_Upload\ALISS.LabFileUpload.DTO\ALISS.LabFileUpload.DTO.csproj", "{B66AB8B7-B074-4053-A50F-A442BE25E4A7}"
EndProject
Project("{9A19103F-16F7-4668-BE54-9A1E7A4F7556}") = "ALISS.LabFileUpload.Library", "01_Upload\ALISS.LabFileUpload.Library\ALISS.LabFileUpload.Library.csproj", "{8300586A-FC0C-430C-A6E3-8DEA8A8E01B3}"
EndProject
Project("{9A19103F-16F7-4668-BE54-9A1E7A4F7556}") = "ALISS.LabFileUpload.Batch", "01_Upload\ALISS.LabFileUpload.Batch\ALISS.LabFileUpload.Batch.csproj", "{D0EAAF0D-5A5F-426F-B680-419B4455CDB5}"
EndProject
Project("{9A19103F-16F7-4668-BE54-9A1E7A4F7556}") = "ALISS.ANTIBIOGRAM.Api", "06_Report\ALISS.ANTIBIOGRAM.Api\ALISS.ANTIBIOGRAM.Api.csproj", "{9D6E548D-2209-4A1C-884D-98BE0E2BC837}"
EndProject
Project("{9A19103F-16F7-4668-BE54-9A1E7A4F7556}") = "ALISS.ANTIBIOGRAM.DTO", "06_Report\ALISS.ANTIBIOGRAM.DTO\ALISS.ANTIBIOGRAM.DTO.csproj", "{616A7275-9602-4F61-BF64-13B712217907}"
EndProject
Project("{9A19103F-16F7-4668-BE54-9A1E7A4F7556}") = "ALISS.ANTIBIOGRAM.Library", "06_Report\ALISS.ANTIBIOGRAM.Library\ALISS.ANTIBIOGRAM.Library.csproj", "{4F6D0CBF-2E38-4E0E-95E5-C38D6108BBF3}"
EndProject
Project("{9A19103F-16F7-4668-BE54-9A1E7A4F7556}") = "ALISS.ANTIBIOGRAM.Library.Test", "06_Report\ALISS.ANTIBIOGRAM.Library.Test\ALISS.ANTIBIOGRAM.Library.Test.csproj", "{57598059-F223-462F-8568-CF07B0F87AB6}"
EndProject
Project("{9A19103F-16F7-4668-BE54-9A1E7A4F7556}") = "ALISS.ANTIBIOTREND.Api", "06_Report\ALISS.ANTIBIOTREND.Api\ALISS.ANTIBIOTREND.Api.csproj", "{FDDD93F5-9AAC-46B6-B7A8-0A619CD7ED28}"
EndProject
Project("{9A19103F-16F7-4668-BE54-9A1E7A4F7556}") = "ALISS.ANTIBIOTREND.DTO", "06_Report\ALISS.ANTIBIOTREND.DTO\ALISS.ANTIBIOTREND.DTO.csproj", "{D1C277A6-8BE6-456B-9FBD-2F879008F1E9}"
EndProject
Project("{9A19103F-16F7-4668-BE54-9A1E7A4F7556}") = "ALISS.ANTIBIOTREND.Library", "06_Report\ALISS.ANTIBIOTREND.Library\ALISS.ANTIBIOTREND.Library.csproj", "{692268A7-8266-43C7-B5A5-40F21CF2D584}"
EndProject
Project("{FAE04EC0-301F-11D3-BF4B-00C04F79EFBC}") = "ALISS.EXPORT.Api", "06_Report\ALISS.EXPORT.Api\ALISS.EXPORT.Api.csproj", "{C2E95E24-3866-4E79-9014-6223F380B2F6}"
EndProject
Project("{FAE04EC0-301F-11D3-BF4B-00C04F79EFBC}") = "ALISS.EXPORT.Library", "06_Report\ALISS.EXPORT.Library\ALISS.EXPORT.Library.csproj", "{BB4FED70-68F6-473B-BB95-E9EB04B7E6A4}"
EndProject
Project("{9A19103F-16F7-4668-BE54-9A1E7A4F7556}") = "ALISS.GLASS.Api", "06_Report\ALISS.GLASS.Api\ALISS.GLASS.Api.csproj", "{AAD2812D-81AD-47DB-83D5-D7B82CF1D3EC}"
EndProject
Project("{9A19103F-16F7-4668-BE54-9A1E7A4F7556}") = "ALISS.GLASS.DTO", "06_Report\ALISS.GLASS.DTO\ALISS.GLASS.DTO.csproj", "{0E7BD4AC-A06C-482A-A9D9-43CD9CE51D9C}"
EndProject
Project("{9A19103F-16F7-4668-BE54-9A1E7A4F7556}") = "ALISS.HISUpload.Api", "05_HISData\ALISS.HISUpload.Api\ALISS.HISUpload.Api.csproj", "{5131A0E6-A75D-44F7-9EC4-F1CDC7EAE6E3}"
EndProject
Project("{9A19103F-16F7-4668-BE54-9A1E7A4F7556}") = "ALISS.HISUpload.DTO", "05_HISData\ALISS.HISUpload.DTO\ALISS.HISUpload.DTO.csproj", "{091ED4D7-5113-4DE3-94CB-D7522EDA60A1}"
EndProject
Project("{9A19103F-16F7-4668-BE54-9A1E7A4F7556}") = "ALISS.HISUpload.Library", "05_HISData\ALISS.HISUpload.Library\ALISS.HISUpload.Library.csproj", "{EBEE139B-5C6D-4327-9638-CA8BA327E955}"
EndProject
Project("{9A19103F-16F7-4668-BE54-9A1E7A4F7556}") = "ALISS.HISUpload.Batch", "05_HISData\ALISS.HISUpload.Batch\ALISS.HISUpload.Batch.csproj", "{DF4CA457-1E54-4B02-ABE1-1E8CD5A66471}"
EndProject
Project("{9A19103F-16F7-4668-BE54-9A1E7A4F7556}") = "ALISS.GLASS.Library", "06_Report\ALISS.GLASS.Library\ALISS.GLASS.Library.csproj", "{40AFFC47-EF10-477B-A1FA-78ABE2903903}"
EndProject
Project("{9A19103F-16F7-4668-BE54-9A1E7A4F7556}") = "ALISS.Process.Batch", "03_Process\ALISS.Process.Batch\ALISS.Process.Batch.csproj", "{B5279FF7-B04F-416B-B2A0-9B5CB0B1190A}"
EndProject
Project("{9A19103F-16F7-4668-BE54-9A1E7A4F7556}") = "ALISS.Master.NoticeMessage.Library", "00_Master\ALISS.Master.NoticeMessage.Library\ALISS.Master.NoticeMessage.Library.csproj", "{47E4AD34-6918-4259-B059-D9799F60EDCD}"
EndProject
Project("{2150E333-8FDC-42A3-9474-1A3956D46DE8}") = "00_DataAccess", "00_DataAccess", "{D8F86689-EA16-4330-B5D1-B86744DCB312}"
EndProject
Project("{9A19103F-16F7-4668-BE54-9A1E7A4F7556}") = "ALISS.TR.NoticeMessage", "00_DataAccess\ALISS.TR.NoticeMessage\ALISS.TR.NoticeMessage.csproj", "{18978539-349A-4D55-BBC7-953DCD70ECE5}"
EndProject
Project("{2150E333-8FDC-42A3-9474-1A3956D46DE8}") = "00_DataService", "00_DataService", "{FB74CCF9-BEF9-4172-B6FF-AC17BD34ABC4}"
EndProject
Project("{9A19103F-16F7-4668-BE54-9A1E7A4F7556}") = "ALISS.TR.NoticeMessage.DataService", "00_DataService\ALISS.TR.NoticeMessage.DataService\ALISS.TR.NoticeMessage.DataService.csproj", "{2EAA3751-BBB3-46A5-B70B-EF6B3C340914}"
EndProject
Project("{9A19103F-16F7-4668-BE54-9A1E7A4F7556}") = "ALISS_AUTH.TC.UserLogin", "00_DataAccess\ALISS_AUTH.TC.UserLogin\ALISS_AUTH.TC.UserLogin.csproj", "{FFC5E438-D2DB-4455-9055-0BBB7C3694C1}"
EndProject
Project("{9A19103F-16F7-4668-BE54-9A1E7A4F7556}") = "ALISS_AUTH.TC.Role", "00_DataAccess\ALISS_AUTH.TC.Role\ALISS_AUTH.TC.Role.csproj", "{3C1E9DD2-EC4E-4FFD-9BB6-236E20A4FE1B}"
EndProject
Project("{FAE04EC0-301F-11D3-BF4B-00C04F79EFBC}") = "ALISS.TC.WHONET_Antibiotics", "00_DataAccess\ALISS.TC.WHONET_Antibiotics\ALISS.TC.WHONET_Antibiotics.csproj", "{379C686F-7615-4258-A454-735E11CD942C}"
EndProject
Project("{FAE04EC0-301F-11D3-BF4B-00C04F79EFBC}") = "ALISS.Master.WHONET.Library", "00_Master\ALISS.Master.WHONET.Library\ALISS.Master.WHONET.Library.csproj", "{AA15CC81-288A-4872-972C-A3F51FD1B936}"
EndProject
Global
	GlobalSection(SolutionConfigurationPlatforms) = preSolution
		Debug|Any CPU = Debug|Any CPU
		Release|Any CPU = Release|Any CPU
	EndGlobalSection
	GlobalSection(ProjectConfigurationPlatforms) = postSolution
		{DE4CE4BE-50D2-4623-A473-C9F03C2114C0}.Debug|Any CPU.ActiveCfg = Debug|Any CPU
		{DE4CE4BE-50D2-4623-A473-C9F03C2114C0}.Debug|Any CPU.Build.0 = Debug|Any CPU
		{DE4CE4BE-50D2-4623-A473-C9F03C2114C0}.Release|Any CPU.ActiveCfg = Release|Any CPU
		{DE4CE4BE-50D2-4623-A473-C9F03C2114C0}.Release|Any CPU.Build.0 = Release|Any CPU
		{05C90ABA-05B8-46A9-AAB0-16F327E3CDD6}.Debug|Any CPU.ActiveCfg = Debug|Any CPU
		{05C90ABA-05B8-46A9-AAB0-16F327E3CDD6}.Debug|Any CPU.Build.0 = Debug|Any CPU
		{05C90ABA-05B8-46A9-AAB0-16F327E3CDD6}.Release|Any CPU.ActiveCfg = Release|Any CPU
		{05C90ABA-05B8-46A9-AAB0-16F327E3CDD6}.Release|Any CPU.Build.0 = Release|Any CPU
		{B83B6F0C-733A-45FE-9EC0-CFE8D4B17C4F}.Debug|Any CPU.ActiveCfg = Debug|Any CPU
		{B83B6F0C-733A-45FE-9EC0-CFE8D4B17C4F}.Debug|Any CPU.Build.0 = Debug|Any CPU
		{B83B6F0C-733A-45FE-9EC0-CFE8D4B17C4F}.Release|Any CPU.ActiveCfg = Release|Any CPU
		{B83B6F0C-733A-45FE-9EC0-CFE8D4B17C4F}.Release|Any CPU.Build.0 = Release|Any CPU
		{14534DDA-453D-4213-A45B-35232984B6DA}.Debug|Any CPU.ActiveCfg = Debug|Any CPU
		{14534DDA-453D-4213-A45B-35232984B6DA}.Debug|Any CPU.Build.0 = Debug|Any CPU
		{14534DDA-453D-4213-A45B-35232984B6DA}.Release|Any CPU.ActiveCfg = Release|Any CPU
		{14534DDA-453D-4213-A45B-35232984B6DA}.Release|Any CPU.Build.0 = Release|Any CPU
		{33E1CA5F-33A9-4A57-9E24-E77E94B5A5AE}.Debug|Any CPU.ActiveCfg = Debug|Any CPU
		{33E1CA5F-33A9-4A57-9E24-E77E94B5A5AE}.Debug|Any CPU.Build.0 = Debug|Any CPU
		{33E1CA5F-33A9-4A57-9E24-E77E94B5A5AE}.Release|Any CPU.ActiveCfg = Release|Any CPU
		{33E1CA5F-33A9-4A57-9E24-E77E94B5A5AE}.Release|Any CPU.Build.0 = Release|Any CPU
		{05DEA2F2-4AE8-4DA8-9CCC-668E3E77B297}.Debug|Any CPU.ActiveCfg = Debug|Any CPU
		{05DEA2F2-4AE8-4DA8-9CCC-668E3E77B297}.Debug|Any CPU.Build.0 = Debug|Any CPU
		{05DEA2F2-4AE8-4DA8-9CCC-668E3E77B297}.Release|Any CPU.ActiveCfg = Release|Any CPU
		{05DEA2F2-4AE8-4DA8-9CCC-668E3E77B297}.Release|Any CPU.Build.0 = Release|Any CPU
		{2E006C0C-304F-4F3D-871C-C1A8F5DA7CA6}.Debug|Any CPU.ActiveCfg = Debug|Any CPU
		{2E006C0C-304F-4F3D-871C-C1A8F5DA7CA6}.Debug|Any CPU.Build.0 = Debug|Any CPU
		{2E006C0C-304F-4F3D-871C-C1A8F5DA7CA6}.Release|Any CPU.ActiveCfg = Release|Any CPU
		{2E006C0C-304F-4F3D-871C-C1A8F5DA7CA6}.Release|Any CPU.Build.0 = Release|Any CPU
		{706FB491-A69E-464A-B80C-E742205017A4}.Debug|Any CPU.ActiveCfg = Debug|Any CPU
		{706FB491-A69E-464A-B80C-E742205017A4}.Debug|Any CPU.Build.0 = Debug|Any CPU
		{706FB491-A69E-464A-B80C-E742205017A4}.Release|Any CPU.ActiveCfg = Release|Any CPU
		{706FB491-A69E-464A-B80C-E742205017A4}.Release|Any CPU.Build.0 = Release|Any CPU
		{777D2653-F8E5-49CE-AAAC-B53225D243FC}.Debug|Any CPU.ActiveCfg = Debug|Any CPU
		{777D2653-F8E5-49CE-AAAC-B53225D243FC}.Debug|Any CPU.Build.0 = Debug|Any CPU
		{777D2653-F8E5-49CE-AAAC-B53225D243FC}.Release|Any CPU.ActiveCfg = Release|Any CPU
		{777D2653-F8E5-49CE-AAAC-B53225D243FC}.Release|Any CPU.Build.0 = Release|Any CPU
		{79FA5286-557D-4BCB-BF84-75A479F49F1A}.Debug|Any CPU.ActiveCfg = Debug|Any CPU
		{79FA5286-557D-4BCB-BF84-75A479F49F1A}.Debug|Any CPU.Build.0 = Debug|Any CPU
		{79FA5286-557D-4BCB-BF84-75A479F49F1A}.Release|Any CPU.ActiveCfg = Release|Any CPU
		{79FA5286-557D-4BCB-BF84-75A479F49F1A}.Release|Any CPU.Build.0 = Release|Any CPU
		{AB4A19E4-1568-4BFA-A931-1F9F38EB0963}.Debug|Any CPU.ActiveCfg = Debug|Any CPU
		{AB4A19E4-1568-4BFA-A931-1F9F38EB0963}.Debug|Any CPU.Build.0 = Debug|Any CPU
		{AB4A19E4-1568-4BFA-A931-1F9F38EB0963}.Release|Any CPU.ActiveCfg = Release|Any CPU
		{AB4A19E4-1568-4BFA-A931-1F9F38EB0963}.Release|Any CPU.Build.0 = Release|Any CPU
		{0836F5BC-84E9-4621-A199-1C4CB0231818}.Debug|Any CPU.ActiveCfg = Debug|Any CPU
		{0836F5BC-84E9-4621-A199-1C4CB0231818}.Debug|Any CPU.Build.0 = Debug|Any CPU
		{0836F5BC-84E9-4621-A199-1C4CB0231818}.Release|Any CPU.ActiveCfg = Release|Any CPU
		{0836F5BC-84E9-4621-A199-1C4CB0231818}.Release|Any CPU.Build.0 = Release|Any CPU
		{4DFF7D54-2513-429E-8485-C3D989AC9487}.Debug|Any CPU.ActiveCfg = Debug|Any CPU
		{4DFF7D54-2513-429E-8485-C3D989AC9487}.Debug|Any CPU.Build.0 = Debug|Any CPU
		{4DFF7D54-2513-429E-8485-C3D989AC9487}.Release|Any CPU.ActiveCfg = Release|Any CPU
		{4DFF7D54-2513-429E-8485-C3D989AC9487}.Release|Any CPU.Build.0 = Release|Any CPU
		{4974FE82-053A-41DC-B943-E079BC294AD4}.Debug|Any CPU.ActiveCfg = Debug|Any CPU
		{4974FE82-053A-41DC-B943-E079BC294AD4}.Debug|Any CPU.Build.0 = Debug|Any CPU
		{4974FE82-053A-41DC-B943-E079BC294AD4}.Release|Any CPU.ActiveCfg = Release|Any CPU
		{4974FE82-053A-41DC-B943-E079BC294AD4}.Release|Any CPU.Build.0 = Release|Any CPU
		{E605EC5E-4977-44AA-9522-10359BBA2497}.Debug|Any CPU.ActiveCfg = Debug|Any CPU
		{E605EC5E-4977-44AA-9522-10359BBA2497}.Debug|Any CPU.Build.0 = Debug|Any CPU
		{E605EC5E-4977-44AA-9522-10359BBA2497}.Release|Any CPU.ActiveCfg = Release|Any CPU
		{E605EC5E-4977-44AA-9522-10359BBA2497}.Release|Any CPU.Build.0 = Release|Any CPU
		{A7CD9E08-4586-4B6E-9A0B-27D74C1AFA4A}.Debug|Any CPU.ActiveCfg = Debug|Any CPU
		{A7CD9E08-4586-4B6E-9A0B-27D74C1AFA4A}.Debug|Any CPU.Build.0 = Debug|Any CPU
		{A7CD9E08-4586-4B6E-9A0B-27D74C1AFA4A}.Release|Any CPU.ActiveCfg = Release|Any CPU
		{A7CD9E08-4586-4B6E-9A0B-27D74C1AFA4A}.Release|Any CPU.Build.0 = Release|Any CPU
		{83A7CC83-6970-4F42-BB13-965A1633FF30}.Debug|Any CPU.ActiveCfg = Debug|Any CPU
		{83A7CC83-6970-4F42-BB13-965A1633FF30}.Debug|Any CPU.Build.0 = Debug|Any CPU
		{83A7CC83-6970-4F42-BB13-965A1633FF30}.Release|Any CPU.ActiveCfg = Release|Any CPU
		{83A7CC83-6970-4F42-BB13-965A1633FF30}.Release|Any CPU.Build.0 = Release|Any CPU
		{1FB8E180-D427-43F5-AFB5-31CCA0ED9ABB}.Debug|Any CPU.ActiveCfg = Debug|Any CPU
		{1FB8E180-D427-43F5-AFB5-31CCA0ED9ABB}.Debug|Any CPU.Build.0 = Debug|Any CPU
		{1FB8E180-D427-43F5-AFB5-31CCA0ED9ABB}.Release|Any CPU.ActiveCfg = Release|Any CPU
		{1FB8E180-D427-43F5-AFB5-31CCA0ED9ABB}.Release|Any CPU.Build.0 = Release|Any CPU
		{FAA730E3-7AB7-4AD1-9CF9-179ECB158089}.Debug|Any CPU.ActiveCfg = Debug|Any CPU
		{FAA730E3-7AB7-4AD1-9CF9-179ECB158089}.Debug|Any CPU.Build.0 = Debug|Any CPU
		{FAA730E3-7AB7-4AD1-9CF9-179ECB158089}.Release|Any CPU.ActiveCfg = Release|Any CPU
		{FAA730E3-7AB7-4AD1-9CF9-179ECB158089}.Release|Any CPU.Build.0 = Release|Any CPU
		{317272E1-198C-4C70-9145-35359381DB82}.Debug|Any CPU.ActiveCfg = Debug|Any CPU
		{317272E1-198C-4C70-9145-35359381DB82}.Debug|Any CPU.Build.0 = Debug|Any CPU
		{317272E1-198C-4C70-9145-35359381DB82}.Release|Any CPU.ActiveCfg = Release|Any CPU
		{317272E1-198C-4C70-9145-35359381DB82}.Release|Any CPU.Build.0 = Release|Any CPU
		{287F9124-8350-401E-A5AC-3AF72A3E66EB}.Debug|Any CPU.ActiveCfg = Debug|Any CPU
		{287F9124-8350-401E-A5AC-3AF72A3E66EB}.Debug|Any CPU.Build.0 = Debug|Any CPU
		{287F9124-8350-401E-A5AC-3AF72A3E66EB}.Release|Any CPU.ActiveCfg = Release|Any CPU
		{287F9124-8350-401E-A5AC-3AF72A3E66EB}.Release|Any CPU.Build.0 = Release|Any CPU
		{CE76FE30-8976-4E4D-B13F-42172E47E613}.Debug|Any CPU.ActiveCfg = Debug|Any CPU
		{CE76FE30-8976-4E4D-B13F-42172E47E613}.Debug|Any CPU.Build.0 = Debug|Any CPU
		{CE76FE30-8976-4E4D-B13F-42172E47E613}.Release|Any CPU.ActiveCfg = Release|Any CPU
		{CE76FE30-8976-4E4D-B13F-42172E47E613}.Release|Any CPU.Build.0 = Release|Any CPU
		{EB94D654-D5C7-4F52-AF86-4EE2F1E94659}.Debug|Any CPU.ActiveCfg = Debug|Any CPU
		{EB94D654-D5C7-4F52-AF86-4EE2F1E94659}.Debug|Any CPU.Build.0 = Debug|Any CPU
		{EB94D654-D5C7-4F52-AF86-4EE2F1E94659}.Release|Any CPU.ActiveCfg = Release|Any CPU
		{EB94D654-D5C7-4F52-AF86-4EE2F1E94659}.Release|Any CPU.Build.0 = Release|Any CPU
		{8B6F832D-0A85-4B37-A630-7752BC2F6E38}.Debug|Any CPU.ActiveCfg = Debug|Any CPU
		{8B6F832D-0A85-4B37-A630-7752BC2F6E38}.Debug|Any CPU.Build.0 = Debug|Any CPU
		{8B6F832D-0A85-4B37-A630-7752BC2F6E38}.Release|Any CPU.ActiveCfg = Release|Any CPU
		{8B6F832D-0A85-4B37-A630-7752BC2F6E38}.Release|Any CPU.Build.0 = Release|Any CPU
		{8BB54A81-2437-4FD9-8491-4E2F5DCCD69F}.Debug|Any CPU.ActiveCfg = Debug|Any CPU
		{8BB54A81-2437-4FD9-8491-4E2F5DCCD69F}.Debug|Any CPU.Build.0 = Debug|Any CPU
		{8BB54A81-2437-4FD9-8491-4E2F5DCCD69F}.Release|Any CPU.ActiveCfg = Release|Any CPU
		{8BB54A81-2437-4FD9-8491-4E2F5DCCD69F}.Release|Any CPU.Build.0 = Release|Any CPU
		{9FA12EB2-64DF-4403-B9B3-CAFD1F030E34}.Debug|Any CPU.ActiveCfg = Debug|Any CPU
		{9FA12EB2-64DF-4403-B9B3-CAFD1F030E34}.Debug|Any CPU.Build.0 = Debug|Any CPU
		{9FA12EB2-64DF-4403-B9B3-CAFD1F030E34}.Release|Any CPU.ActiveCfg = Release|Any CPU
		{9FA12EB2-64DF-4403-B9B3-CAFD1F030E34}.Release|Any CPU.Build.0 = Release|Any CPU
		{4FA6699B-96BB-40CF-9C54-8FAFB48866A2}.Debug|Any CPU.ActiveCfg = Debug|Any CPU
		{4FA6699B-96BB-40CF-9C54-8FAFB48866A2}.Debug|Any CPU.Build.0 = Debug|Any CPU
		{4FA6699B-96BB-40CF-9C54-8FAFB48866A2}.Release|Any CPU.ActiveCfg = Release|Any CPU
		{4FA6699B-96BB-40CF-9C54-8FAFB48866A2}.Release|Any CPU.Build.0 = Release|Any CPU
		{10FD086A-3A9E-469B-81C6-820384C7B005}.Debug|Any CPU.ActiveCfg = Debug|Any CPU
		{10FD086A-3A9E-469B-81C6-820384C7B005}.Debug|Any CPU.Build.0 = Debug|Any CPU
		{10FD086A-3A9E-469B-81C6-820384C7B005}.Release|Any CPU.ActiveCfg = Release|Any CPU
		{10FD086A-3A9E-469B-81C6-820384C7B005}.Release|Any CPU.Build.0 = Release|Any CPU
		{4C92CEE0-1710-4A45-935E-567F6F62EEC8}.Debug|Any CPU.ActiveCfg = Debug|Any CPU
		{4C92CEE0-1710-4A45-935E-567F6F62EEC8}.Debug|Any CPU.Build.0 = Debug|Any CPU
		{4C92CEE0-1710-4A45-935E-567F6F62EEC8}.Release|Any CPU.ActiveCfg = Release|Any CPU
		{4C92CEE0-1710-4A45-935E-567F6F62EEC8}.Release|Any CPU.Build.0 = Release|Any CPU
		{1C5F1A2B-06ED-43AF-9ACB-53EB8FB9A3C3}.Debug|Any CPU.ActiveCfg = Debug|Any CPU
		{1C5F1A2B-06ED-43AF-9ACB-53EB8FB9A3C3}.Debug|Any CPU.Build.0 = Debug|Any CPU
		{1C5F1A2B-06ED-43AF-9ACB-53EB8FB9A3C3}.Release|Any CPU.ActiveCfg = Release|Any CPU
		{1C5F1A2B-06ED-43AF-9ACB-53EB8FB9A3C3}.Release|Any CPU.Build.0 = Release|Any CPU
		{CD07C7E1-945C-4FB5-88DA-0BC1344E88C3}.Debug|Any CPU.ActiveCfg = Debug|Any CPU
		{CD07C7E1-945C-4FB5-88DA-0BC1344E88C3}.Debug|Any CPU.Build.0 = Debug|Any CPU
		{CD07C7E1-945C-4FB5-88DA-0BC1344E88C3}.Release|Any CPU.ActiveCfg = Release|Any CPU
		{CD07C7E1-945C-4FB5-88DA-0BC1344E88C3}.Release|Any CPU.Build.0 = Release|Any CPU
		{2BEA8FA1-46A0-4E26-99D7-A7C3F3B1A14C}.Debug|Any CPU.ActiveCfg = Debug|Any CPU
		{2BEA8FA1-46A0-4E26-99D7-A7C3F3B1A14C}.Debug|Any CPU.Build.0 = Debug|Any CPU
		{2BEA8FA1-46A0-4E26-99D7-A7C3F3B1A14C}.Release|Any CPU.ActiveCfg = Release|Any CPU
		{2BEA8FA1-46A0-4E26-99D7-A7C3F3B1A14C}.Release|Any CPU.Build.0 = Release|Any CPU
		{6DB7F892-5A28-40FE-8A8B-1EBFBC043F9D}.Debug|Any CPU.ActiveCfg = Debug|Any CPU
		{6DB7F892-5A28-40FE-8A8B-1EBFBC043F9D}.Debug|Any CPU.Build.0 = Debug|Any CPU
		{6DB7F892-5A28-40FE-8A8B-1EBFBC043F9D}.Release|Any CPU.ActiveCfg = Release|Any CPU
		{6DB7F892-5A28-40FE-8A8B-1EBFBC043F9D}.Release|Any CPU.Build.0 = Release|Any CPU
		{B66AB8B7-B074-4053-A50F-A442BE25E4A7}.Debug|Any CPU.ActiveCfg = Debug|Any CPU
		{B66AB8B7-B074-4053-A50F-A442BE25E4A7}.Debug|Any CPU.Build.0 = Debug|Any CPU
		{B66AB8B7-B074-4053-A50F-A442BE25E4A7}.Release|Any CPU.ActiveCfg = Release|Any CPU
		{B66AB8B7-B074-4053-A50F-A442BE25E4A7}.Release|Any CPU.Build.0 = Release|Any CPU
		{8300586A-FC0C-430C-A6E3-8DEA8A8E01B3}.Debug|Any CPU.ActiveCfg = Debug|Any CPU
		{8300586A-FC0C-430C-A6E3-8DEA8A8E01B3}.Debug|Any CPU.Build.0 = Debug|Any CPU
		{8300586A-FC0C-430C-A6E3-8DEA8A8E01B3}.Release|Any CPU.ActiveCfg = Release|Any CPU
		{8300586A-FC0C-430C-A6E3-8DEA8A8E01B3}.Release|Any CPU.Build.0 = Release|Any CPU
		{D0EAAF0D-5A5F-426F-B680-419B4455CDB5}.Debug|Any CPU.ActiveCfg = Debug|Any CPU
		{D0EAAF0D-5A5F-426F-B680-419B4455CDB5}.Debug|Any CPU.Build.0 = Debug|Any CPU
		{D0EAAF0D-5A5F-426F-B680-419B4455CDB5}.Release|Any CPU.ActiveCfg = Release|Any CPU
		{D0EAAF0D-5A5F-426F-B680-419B4455CDB5}.Release|Any CPU.Build.0 = Release|Any CPU
		{9D6E548D-2209-4A1C-884D-98BE0E2BC837}.Debug|Any CPU.ActiveCfg = Debug|Any CPU
		{9D6E548D-2209-4A1C-884D-98BE0E2BC837}.Debug|Any CPU.Build.0 = Debug|Any CPU
		{9D6E548D-2209-4A1C-884D-98BE0E2BC837}.Release|Any CPU.ActiveCfg = Release|Any CPU
		{9D6E548D-2209-4A1C-884D-98BE0E2BC837}.Release|Any CPU.Build.0 = Release|Any CPU
		{616A7275-9602-4F61-BF64-13B712217907}.Debug|Any CPU.ActiveCfg = Debug|Any CPU
		{616A7275-9602-4F61-BF64-13B712217907}.Debug|Any CPU.Build.0 = Debug|Any CPU
		{616A7275-9602-4F61-BF64-13B712217907}.Release|Any CPU.ActiveCfg = Release|Any CPU
		{616A7275-9602-4F61-BF64-13B712217907}.Release|Any CPU.Build.0 = Release|Any CPU
		{4F6D0CBF-2E38-4E0E-95E5-C38D6108BBF3}.Debug|Any CPU.ActiveCfg = Debug|Any CPU
		{4F6D0CBF-2E38-4E0E-95E5-C38D6108BBF3}.Debug|Any CPU.Build.0 = Debug|Any CPU
		{4F6D0CBF-2E38-4E0E-95E5-C38D6108BBF3}.Release|Any CPU.ActiveCfg = Release|Any CPU
		{4F6D0CBF-2E38-4E0E-95E5-C38D6108BBF3}.Release|Any CPU.Build.0 = Release|Any CPU
		{57598059-F223-462F-8568-CF07B0F87AB6}.Debug|Any CPU.ActiveCfg = Debug|Any CPU
		{57598059-F223-462F-8568-CF07B0F87AB6}.Debug|Any CPU.Build.0 = Debug|Any CPU
		{57598059-F223-462F-8568-CF07B0F87AB6}.Release|Any CPU.ActiveCfg = Release|Any CPU
		{57598059-F223-462F-8568-CF07B0F87AB6}.Release|Any CPU.Build.0 = Release|Any CPU
		{FDDD93F5-9AAC-46B6-B7A8-0A619CD7ED28}.Debug|Any CPU.ActiveCfg = Debug|Any CPU
		{FDDD93F5-9AAC-46B6-B7A8-0A619CD7ED28}.Debug|Any CPU.Build.0 = Debug|Any CPU
		{FDDD93F5-9AAC-46B6-B7A8-0A619CD7ED28}.Release|Any CPU.ActiveCfg = Release|Any CPU
		{FDDD93F5-9AAC-46B6-B7A8-0A619CD7ED28}.Release|Any CPU.Build.0 = Release|Any CPU
		{D1C277A6-8BE6-456B-9FBD-2F879008F1E9}.Debug|Any CPU.ActiveCfg = Debug|Any CPU
		{D1C277A6-8BE6-456B-9FBD-2F879008F1E9}.Debug|Any CPU.Build.0 = Debug|Any CPU
		{D1C277A6-8BE6-456B-9FBD-2F879008F1E9}.Release|Any CPU.ActiveCfg = Release|Any CPU
		{D1C277A6-8BE6-456B-9FBD-2F879008F1E9}.Release|Any CPU.Build.0 = Release|Any CPU
		{692268A7-8266-43C7-B5A5-40F21CF2D584}.Debug|Any CPU.ActiveCfg = Debug|Any CPU
		{692268A7-8266-43C7-B5A5-40F21CF2D584}.Debug|Any CPU.Build.0 = Debug|Any CPU
		{692268A7-8266-43C7-B5A5-40F21CF2D584}.Release|Any CPU.ActiveCfg = Release|Any CPU
		{692268A7-8266-43C7-B5A5-40F21CF2D584}.Release|Any CPU.Build.0 = Release|Any CPU
		{C2E95E24-3866-4E79-9014-6223F380B2F6}.Debug|Any CPU.ActiveCfg = Debug|Any CPU
		{C2E95E24-3866-4E79-9014-6223F380B2F6}.Debug|Any CPU.Build.0 = Debug|Any CPU
		{C2E95E24-3866-4E79-9014-6223F380B2F6}.Release|Any CPU.ActiveCfg = Release|Any CPU
		{C2E95E24-3866-4E79-9014-6223F380B2F6}.Release|Any CPU.Build.0 = Release|Any CPU
		{BB4FED70-68F6-473B-BB95-E9EB04B7E6A4}.Debug|Any CPU.ActiveCfg = Debug|Any CPU
		{BB4FED70-68F6-473B-BB95-E9EB04B7E6A4}.Debug|Any CPU.Build.0 = Debug|Any CPU
		{BB4FED70-68F6-473B-BB95-E9EB04B7E6A4}.Release|Any CPU.ActiveCfg = Release|Any CPU
		{BB4FED70-68F6-473B-BB95-E9EB04B7E6A4}.Release|Any CPU.Build.0 = Release|Any CPU
		{AAD2812D-81AD-47DB-83D5-D7B82CF1D3EC}.Debug|Any CPU.ActiveCfg = Debug|Any CPU
		{AAD2812D-81AD-47DB-83D5-D7B82CF1D3EC}.Debug|Any CPU.Build.0 = Debug|Any CPU
		{AAD2812D-81AD-47DB-83D5-D7B82CF1D3EC}.Release|Any CPU.ActiveCfg = Release|Any CPU
		{AAD2812D-81AD-47DB-83D5-D7B82CF1D3EC}.Release|Any CPU.Build.0 = Release|Any CPU
		{0E7BD4AC-A06C-482A-A9D9-43CD9CE51D9C}.Debug|Any CPU.ActiveCfg = Debug|Any CPU
		{0E7BD4AC-A06C-482A-A9D9-43CD9CE51D9C}.Debug|Any CPU.Build.0 = Debug|Any CPU
		{0E7BD4AC-A06C-482A-A9D9-43CD9CE51D9C}.Release|Any CPU.ActiveCfg = Release|Any CPU
		{0E7BD4AC-A06C-482A-A9D9-43CD9CE51D9C}.Release|Any CPU.Build.0 = Release|Any CPU
		{5131A0E6-A75D-44F7-9EC4-F1CDC7EAE6E3}.Debug|Any CPU.ActiveCfg = Debug|Any CPU
		{5131A0E6-A75D-44F7-9EC4-F1CDC7EAE6E3}.Debug|Any CPU.Build.0 = Debug|Any CPU
		{5131A0E6-A75D-44F7-9EC4-F1CDC7EAE6E3}.Release|Any CPU.ActiveCfg = Release|Any CPU
		{5131A0E6-A75D-44F7-9EC4-F1CDC7EAE6E3}.Release|Any CPU.Build.0 = Release|Any CPU
		{091ED4D7-5113-4DE3-94CB-D7522EDA60A1}.Debug|Any CPU.ActiveCfg = Debug|Any CPU
		{091ED4D7-5113-4DE3-94CB-D7522EDA60A1}.Debug|Any CPU.Build.0 = Debug|Any CPU
		{091ED4D7-5113-4DE3-94CB-D7522EDA60A1}.Release|Any CPU.ActiveCfg = Release|Any CPU
		{091ED4D7-5113-4DE3-94CB-D7522EDA60A1}.Release|Any CPU.Build.0 = Release|Any CPU
		{EBEE139B-5C6D-4327-9638-CA8BA327E955}.Debug|Any CPU.ActiveCfg = Debug|Any CPU
		{EBEE139B-5C6D-4327-9638-CA8BA327E955}.Debug|Any CPU.Build.0 = Debug|Any CPU
		{EBEE139B-5C6D-4327-9638-CA8BA327E955}.Release|Any CPU.ActiveCfg = Release|Any CPU
		{EBEE139B-5C6D-4327-9638-CA8BA327E955}.Release|Any CPU.Build.0 = Release|Any CPU
		{DF4CA457-1E54-4B02-ABE1-1E8CD5A66471}.Debug|Any CPU.ActiveCfg = Debug|Any CPU
		{DF4CA457-1E54-4B02-ABE1-1E8CD5A66471}.Debug|Any CPU.Build.0 = Debug|Any CPU
		{DF4CA457-1E54-4B02-ABE1-1E8CD5A66471}.Release|Any CPU.ActiveCfg = Release|Any CPU
		{DF4CA457-1E54-4B02-ABE1-1E8CD5A66471}.Release|Any CPU.Build.0 = Release|Any CPU
		{40AFFC47-EF10-477B-A1FA-78ABE2903903}.Debug|Any CPU.ActiveCfg = Debug|Any CPU
		{40AFFC47-EF10-477B-A1FA-78ABE2903903}.Debug|Any CPU.Build.0 = Debug|Any CPU
		{40AFFC47-EF10-477B-A1FA-78ABE2903903}.Release|Any CPU.ActiveCfg = Release|Any CPU
		{40AFFC47-EF10-477B-A1FA-78ABE2903903}.Release|Any CPU.Build.0 = Release|Any CPU
		{B5279FF7-B04F-416B-B2A0-9B5CB0B1190A}.Debug|Any CPU.ActiveCfg = Debug|Any CPU
		{B5279FF7-B04F-416B-B2A0-9B5CB0B1190A}.Debug|Any CPU.Build.0 = Debug|Any CPU
		{B5279FF7-B04F-416B-B2A0-9B5CB0B1190A}.Release|Any CPU.ActiveCfg = Release|Any CPU
		{B5279FF7-B04F-416B-B2A0-9B5CB0B1190A}.Release|Any CPU.Build.0 = Release|Any CPU
		{47E4AD34-6918-4259-B059-D9799F60EDCD}.Debug|Any CPU.ActiveCfg = Debug|Any CPU
		{47E4AD34-6918-4259-B059-D9799F60EDCD}.Debug|Any CPU.Build.0 = Debug|Any CPU
		{47E4AD34-6918-4259-B059-D9799F60EDCD}.Release|Any CPU.ActiveCfg = Release|Any CPU
		{47E4AD34-6918-4259-B059-D9799F60EDCD}.Release|Any CPU.Build.0 = Release|Any CPU
		{18978539-349A-4D55-BBC7-953DCD70ECE5}.Debug|Any CPU.ActiveCfg = Debug|Any CPU
		{18978539-349A-4D55-BBC7-953DCD70ECE5}.Debug|Any CPU.Build.0 = Debug|Any CPU
		{18978539-349A-4D55-BBC7-953DCD70ECE5}.Release|Any CPU.ActiveCfg = Release|Any CPU
		{18978539-349A-4D55-BBC7-953DCD70ECE5}.Release|Any CPU.Build.0 = Release|Any CPU
		{2EAA3751-BBB3-46A5-B70B-EF6B3C340914}.Debug|Any CPU.ActiveCfg = Debug|Any CPU
		{2EAA3751-BBB3-46A5-B70B-EF6B3C340914}.Debug|Any CPU.Build.0 = Debug|Any CPU
		{2EAA3751-BBB3-46A5-B70B-EF6B3C340914}.Release|Any CPU.ActiveCfg = Release|Any CPU
		{2EAA3751-BBB3-46A5-B70B-EF6B3C340914}.Release|Any CPU.Build.0 = Release|Any CPU
		{FFC5E438-D2DB-4455-9055-0BBB7C3694C1}.Debug|Any CPU.ActiveCfg = Debug|Any CPU
		{FFC5E438-D2DB-4455-9055-0BBB7C3694C1}.Debug|Any CPU.Build.0 = Debug|Any CPU
		{FFC5E438-D2DB-4455-9055-0BBB7C3694C1}.Release|Any CPU.ActiveCfg = Release|Any CPU
		{FFC5E438-D2DB-4455-9055-0BBB7C3694C1}.Release|Any CPU.Build.0 = Release|Any CPU
		{3C1E9DD2-EC4E-4FFD-9BB6-236E20A4FE1B}.Debug|Any CPU.ActiveCfg = Debug|Any CPU
		{3C1E9DD2-EC4E-4FFD-9BB6-236E20A4FE1B}.Debug|Any CPU.Build.0 = Debug|Any CPU
		{3C1E9DD2-EC4E-4FFD-9BB6-236E20A4FE1B}.Release|Any CPU.ActiveCfg = Release|Any CPU
		{3C1E9DD2-EC4E-4FFD-9BB6-236E20A4FE1B}.Release|Any CPU.Build.0 = Release|Any CPU
		{379C686F-7615-4258-A454-735E11CD942C}.Debug|Any CPU.ActiveCfg = Debug|Any CPU
		{379C686F-7615-4258-A454-735E11CD942C}.Debug|Any CPU.Build.0 = Debug|Any CPU
		{379C686F-7615-4258-A454-735E11CD942C}.Release|Any CPU.ActiveCfg = Release|Any CPU
		{379C686F-7615-4258-A454-735E11CD942C}.Release|Any CPU.Build.0 = Release|Any CPU
		{AA15CC81-288A-4872-972C-A3F51FD1B936}.Debug|Any CPU.ActiveCfg = Debug|Any CPU
		{AA15CC81-288A-4872-972C-A3F51FD1B936}.Debug|Any CPU.Build.0 = Debug|Any CPU
		{AA15CC81-288A-4872-972C-A3F51FD1B936}.Release|Any CPU.ActiveCfg = Release|Any CPU
		{AA15CC81-288A-4872-972C-A3F51FD1B936}.Release|Any CPU.Build.0 = Release|Any CPU
	EndGlobalSection
	GlobalSection(SolutionProperties) = preSolution
		HideSolutionNode = FALSE
	EndGlobalSection
	GlobalSection(NestedProjects) = preSolution
		{B83B6F0C-733A-45FE-9EC0-CFE8D4B17C4F} = {B4EC53D7-DC1B-4724-800B-678327FF53D7}
		{14534DDA-453D-4213-A45B-35232984B6DA} = {4642A12B-B33F-4A05-A84D-FBE39E270863}
		{33E1CA5F-33A9-4A57-9E24-E77E94B5A5AE} = {4642A12B-B33F-4A05-A84D-FBE39E270863}
		{05DEA2F2-4AE8-4DA8-9CCC-668E3E77B297} = {4642A12B-B33F-4A05-A84D-FBE39E270863}
		{2E006C0C-304F-4F3D-871C-C1A8F5DA7CA6} = {4642A12B-B33F-4A05-A84D-FBE39E270863}
		{706FB491-A69E-464A-B80C-E742205017A4} = {EBAE5226-433A-4892-9ED6-F623CDB33926}
		{777D2653-F8E5-49CE-AAAC-B53225D243FC} = {EBAE5226-433A-4892-9ED6-F623CDB33926}
		{79FA5286-557D-4BCB-BF84-75A479F49F1A} = {EBAE5226-433A-4892-9ED6-F623CDB33926}
		{AB4A19E4-1568-4BFA-A931-1F9F38EB0963} = {EBAE5226-433A-4892-9ED6-F623CDB33926}
		{0836F5BC-84E9-4621-A199-1C4CB0231818} = {4642A12B-B33F-4A05-A84D-FBE39E270863}
		{4DFF7D54-2513-429E-8485-C3D989AC9487} = {4642A12B-B33F-4A05-A84D-FBE39E270863}
		{4974FE82-053A-41DC-B943-E079BC294AD4} = {4642A12B-B33F-4A05-A84D-FBE39E270863}
		{E605EC5E-4977-44AA-9522-10359BBA2497} = {4642A12B-B33F-4A05-A84D-FBE39E270863}
		{A7CD9E08-4586-4B6E-9A0B-27D74C1AFA4A} = {4642A12B-B33F-4A05-A84D-FBE39E270863}
		{83A7CC83-6970-4F42-BB13-965A1633FF30} = {4642A12B-B33F-4A05-A84D-FBE39E270863}
		{1FB8E180-D427-43F5-AFB5-31CCA0ED9ABB} = {4642A12B-B33F-4A05-A84D-FBE39E270863}
		{FAA730E3-7AB7-4AD1-9CF9-179ECB158089} = {4642A12B-B33F-4A05-A84D-FBE39E270863}
		{317272E1-198C-4C70-9145-35359381DB82} = {E1699756-8B83-4C50-B632-DF0E94DB71AF}
		{287F9124-8350-401E-A5AC-3AF72A3E66EB} = {E1699756-8B83-4C50-B632-DF0E94DB71AF}
		{CE76FE30-8976-4E4D-B13F-42172E47E613} = {E1699756-8B83-4C50-B632-DF0E94DB71AF}
		{EB94D654-D5C7-4F52-AF86-4EE2F1E94659} = {E1699756-8B83-4C50-B632-DF0E94DB71AF}
		{8B6F832D-0A85-4B37-A630-7752BC2F6E38} = {EBAE5226-433A-4892-9ED6-F623CDB33926}
		{8BB54A81-2437-4FD9-8491-4E2F5DCCD69F} = {EBAE5226-433A-4892-9ED6-F623CDB33926}
		{9FA12EB2-64DF-4403-B9B3-CAFD1F030E34} = {EBAE5226-433A-4892-9ED6-F623CDB33926}
		{4FA6699B-96BB-40CF-9C54-8FAFB48866A2} = {EBAE5226-433A-4892-9ED6-F623CDB33926}
		{10FD086A-3A9E-469B-81C6-820384C7B005} = {EBAE5226-433A-4892-9ED6-F623CDB33926}
		{4C92CEE0-1710-4A45-935E-567F6F62EEC8} = {EBAE5226-433A-4892-9ED6-F623CDB33926}
		{1C5F1A2B-06ED-43AF-9ACB-53EB8FB9A3C3} = {A35B2AED-15B3-46D8-A4B2-5C6DAE19698F}
		{CD07C7E1-945C-4FB5-88DA-0BC1344E88C3} = {A35B2AED-15B3-46D8-A4B2-5C6DAE19698F}
		{2BEA8FA1-46A0-4E26-99D7-A7C3F3B1A14C} = {A35B2AED-15B3-46D8-A4B2-5C6DAE19698F}
		{6DB7F892-5A28-40FE-8A8B-1EBFBC043F9D} = {29C5801E-5A36-44F7-A44B-EA045DFDDF85}
		{B66AB8B7-B074-4053-A50F-A442BE25E4A7} = {29C5801E-5A36-44F7-A44B-EA045DFDDF85}
		{8300586A-FC0C-430C-A6E3-8DEA8A8E01B3} = {29C5801E-5A36-44F7-A44B-EA045DFDDF85}
		{D0EAAF0D-5A5F-426F-B680-419B4455CDB5} = {29C5801E-5A36-44F7-A44B-EA045DFDDF85}
		{9D6E548D-2209-4A1C-884D-98BE0E2BC837} = {C30B786F-BDCD-433D-B190-51BCD6C1FD21}
		{616A7275-9602-4F61-BF64-13B712217907} = {C30B786F-BDCD-433D-B190-51BCD6C1FD21}
		{4F6D0CBF-2E38-4E0E-95E5-C38D6108BBF3} = {C30B786F-BDCD-433D-B190-51BCD6C1FD21}
		{57598059-F223-462F-8568-CF07B0F87AB6} = {C30B786F-BDCD-433D-B190-51BCD6C1FD21}
		{FDDD93F5-9AAC-46B6-B7A8-0A619CD7ED28} = {C30B786F-BDCD-433D-B190-51BCD6C1FD21}
		{D1C277A6-8BE6-456B-9FBD-2F879008F1E9} = {C30B786F-BDCD-433D-B190-51BCD6C1FD21}
		{692268A7-8266-43C7-B5A5-40F21CF2D584} = {C30B786F-BDCD-433D-B190-51BCD6C1FD21}
		{C2E95E24-3866-4E79-9014-6223F380B2F6} = {C30B786F-BDCD-433D-B190-51BCD6C1FD21}
		{BB4FED70-68F6-473B-BB95-E9EB04B7E6A4} = {C30B786F-BDCD-433D-B190-51BCD6C1FD21}
		{AAD2812D-81AD-47DB-83D5-D7B82CF1D3EC} = {C30B786F-BDCD-433D-B190-51BCD6C1FD21}
		{0E7BD4AC-A06C-482A-A9D9-43CD9CE51D9C} = {C30B786F-BDCD-433D-B190-51BCD6C1FD21}
		{5131A0E6-A75D-44F7-9EC4-F1CDC7EAE6E3} = {DAFB5249-F6C4-4390-A00B-CCF636576499}
		{091ED4D7-5113-4DE3-94CB-D7522EDA60A1} = {DAFB5249-F6C4-4390-A00B-CCF636576499}
		{EBEE139B-5C6D-4327-9638-CA8BA327E955} = {DAFB5249-F6C4-4390-A00B-CCF636576499}
		{DF4CA457-1E54-4B02-ABE1-1E8CD5A66471} = {DAFB5249-F6C4-4390-A00B-CCF636576499}
		{40AFFC47-EF10-477B-A1FA-78ABE2903903} = {C30B786F-BDCD-433D-B190-51BCD6C1FD21}
		{B5279FF7-B04F-416B-B2A0-9B5CB0B1190A} = {E1699756-8B83-4C50-B632-DF0E94DB71AF}
		{47E4AD34-6918-4259-B059-D9799F60EDCD} = {EBAE5226-433A-4892-9ED6-F623CDB33926}
		{18978539-349A-4D55-BBC7-953DCD70ECE5} = {D8F86689-EA16-4330-B5D1-B86744DCB312}
		{2EAA3751-BBB3-46A5-B70B-EF6B3C340914} = {FB74CCF9-BEF9-4172-B6FF-AC17BD34ABC4}
		{FFC5E438-D2DB-4455-9055-0BBB7C3694C1} = {D8F86689-EA16-4330-B5D1-B86744DCB312}
		{3C1E9DD2-EC4E-4FFD-9BB6-236E20A4FE1B} = {D8F86689-EA16-4330-B5D1-B86744DCB312}
		{379C686F-7615-4258-A454-735E11CD942C} = {D8F86689-EA16-4330-B5D1-B86744DCB312}
		{AA15CC81-288A-4872-972C-A3F51FD1B936} = {EBAE5226-433A-4892-9ED6-F623CDB33926}
	EndGlobalSection
	GlobalSection(ExtensibilityGlobals) = postSolution
		SolutionGuid = {0E332B0F-9796-4602-9869-9E96F4D7A360}
	EndGlobalSection
	GlobalSection(TeamFoundationVersionControl) = preSolution
		SccNumberOfProjects = 56
		SccEnterpriseProvider = {4CA58AB2-18FA-4F8D-95D4-32DDF27D184C}
		SccTeamFoundationServer = https://dev.azure.com/gso2-bet-sup-sas
		SccLocalPath0 = .
		SccProjectUniqueName1 = ALISS\\ALISS.csproj
		SccProjectName1 = ALISS
		SccLocalPath1 = ALISS
		SccProjectUniqueName2 = ALISS.ApiGateway\\ALISS.ApiGateway.csproj
		SccProjectName2 = ALISS.ApiGateway
		SccLocalPath2 = ALISS.ApiGateway
		SccProjectUniqueName3 = 00_Library\\Log4NetLibrary\\Log4NetLibrary.csproj
		SccProjectTopLevelParentUniqueName3 = ALISS_PROJECT.sln
		SccProjectName3 = 00_Library/Log4NetLibrary
		SccLocalPath3 = 00_Library\\Log4NetLibrary
		SccProjectUniqueName4 = 04_UserManagement\\ALISS.AUTH.Api\\ALISS.AUTH.Api.csproj
		SccProjectTopLevelParentUniqueName4 = ALISS_PROJECT.sln
		SccProjectName4 = 04_UserManagement/ALISS.AUTH.Api
		SccLocalPath4 = 04_UserManagement\\ALISS.AUTH.Api
		SccProjectUniqueName5 = 04_UserManagement\\ALISS.AUTH.DTO\\ALISS.AUTH.DTO.csproj
		SccProjectTopLevelParentUniqueName5 = ALISS_PROJECT.sln
		SccProjectName5 = 04_UserManagement/ALISS.AUTH.DTO
		SccLocalPath5 = 04_UserManagement\\ALISS.AUTH.DTO
		SccProjectUniqueName6 = 04_UserManagement\\ALISS.AUTH.Library\\ALISS.AUTH.Library.csproj
		SccProjectTopLevelParentUniqueName6 = ALISS_PROJECT.sln
		SccProjectName6 = 04_UserManagement/ALISS.AUTH.Library
		SccLocalPath6 = 04_UserManagement\\ALISS.AUTH.Library
		SccProjectUniqueName7 = 04_UserManagement\\ALISS.AUTH.Library.Tests\\ALISS.AUTH.Library.Tests.csproj
		SccProjectTopLevelParentUniqueName7 = ALISS_PROJECT.sln
		SccProjectName7 = 04_UserManagement/ALISS.AUTH.Library.Tests
		SccLocalPath7 = 04_UserManagement\\ALISS.AUTH.Library.Tests
		SccProjectUniqueName8 = 00_Master\\ALISS.Master.Api\\ALISS.Master.Api.csproj
		SccProjectTopLevelParentUniqueName8 = ALISS_PROJECT.sln
		SccProjectName8 = 00_Master/ALISS.Master.Api
		SccLocalPath8 = 00_Master\\ALISS.Master.Api
		SccProjectUniqueName9 = 00_Master\\ALISS.Master.DTO\\ALISS.Master.DTO.csproj
		SccProjectTopLevelParentUniqueName9 = ALISS_PROJECT.sln
		SccProjectName9 = 00_Master/ALISS.Master.DTO
		SccLocalPath9 = 00_Master\\ALISS.Master.DTO
		SccProjectUniqueName10 = 00_Master\\ALISS.Master.Library\\ALISS.Master.Library.csproj
		SccProjectTopLevelParentUniqueName10 = ALISS_PROJECT.sln
		SccProjectName10 = 00_Master/ALISS.Master.Library
		SccLocalPath10 = 00_Master\\ALISS.Master.Library
		SccProjectUniqueName11 = 00_Master\\ALISS.Master.Library.Test\\ALISS.Master.Library.Test.csproj
		SccProjectTopLevelParentUniqueName11 = ALISS_PROJECT.sln
		SccProjectName11 = 00_Master/ALISS.Master.Library.Test
		SccLocalPath11 = 00_Master\\ALISS.Master.Library.Test
		SccProjectUniqueName12 = 04_UserManagement\\ALISS.MasterManagement.Api\\ALISS.MasterManagement.Api.csproj
		SccProjectTopLevelParentUniqueName12 = ALISS_PROJECT.sln
		SccProjectName12 = 04_UserManagement/ALISS.MasterManagement.Api
		SccLocalPath12 = 04_UserManagement\\ALISS.MasterManagement.Api
		SccProjectUniqueName13 = 04_UserManagement\\ALISS.MasterManagement.Library\\ALISS.MasterManagement.Library.csproj
		SccProjectTopLevelParentUniqueName13 = ALISS_PROJECT.sln
		SccProjectName13 = 04_UserManagement/ALISS.MasterManagement.Library
		SccLocalPath13 = 04_UserManagement\\ALISS.MasterManagement.Library
		SccProjectUniqueName14 = 04_UserManagement\\ALISS.MasterManagement.DTO\\ALISS.MasterManagement.DTO.csproj
		SccProjectTopLevelParentUniqueName14 = ALISS_PROJECT.sln
		SccProjectName14 = 04_UserManagement/ALISS.MasterManagement.DTO
		SccLocalPath14 = 04_UserManagement\\ALISS.MasterManagement.DTO
		SccProjectUniqueName15 = 04_UserManagement\\ALISS.MasterManagement.Library.Test\\ALISS.MasterManagement.Library.Test.csproj
		SccProjectTopLevelParentUniqueName15 = ALISS_PROJECT.sln
		SccProjectName15 = 04_UserManagement/ALISS.MasterManagement.Library.Test
		SccLocalPath15 = 04_UserManagement\\ALISS.MasterManagement.Library.Test
		SccProjectUniqueName16 = 04_UserManagement\\ALISS.UserManagement.Api\\ALISS.UserManagement.Api.csproj
		SccProjectTopLevelParentUniqueName16 = ALISS_PROJECT.sln
		SccProjectName16 = 04_UserManagement/ALISS.UserManagement.Api
		SccLocalPath16 = 04_UserManagement\\ALISS.UserManagement.Api
		SccProjectUniqueName17 = 04_UserManagement\\ALISS.UserManagement.Library\\ALISS.UserManagement.Library.csproj
		SccProjectTopLevelParentUniqueName17 = ALISS_PROJECT.sln
		SccProjectName17 = 04_UserManagement/ALISS.UserManagement.Library
		SccLocalPath17 = 04_UserManagement\\ALISS.UserManagement.Library
		SccProjectUniqueName18 = 04_UserManagement\\ALISS.UserManagement.DTO\\ALISS.UserManagement.DTO.csproj
		SccProjectTopLevelParentUniqueName18 = ALISS_PROJECT.sln
		SccProjectName18 = 04_UserManagement/ALISS.UserManagement.DTO
		SccLocalPath18 = 04_UserManagement\\ALISS.UserManagement.DTO
		SccProjectUniqueName19 = 04_UserManagement\\ALISS.UserManagement.Library.Test\\ALISS.UserManagement.Library.Test.csproj
		SccProjectTopLevelParentUniqueName19 = ALISS_PROJECT.sln
		SccProjectName19 = 04_UserManagement/ALISS.UserManagement.Library.Test
		SccLocalPath19 = 04_UserManagement\\ALISS.UserManagement.Library.Test
		SccProjectUniqueName20 = 03_Process\\ALISS.Process.Api\\ALISS.Process.Api.csproj
		SccProjectTopLevelParentUniqueName20 = ALISS_PROJECT.sln
		SccProjectName20 = 03_Process/ALISS.Process.Api
		SccLocalPath20 = 03_Process\\ALISS.Process.Api
		SccProjectUniqueName21 = 03_Process\\ALISS.Process.Library\\ALISS.Process.Library.csproj
		SccProjectTopLevelParentUniqueName21 = ALISS_PROJECT.sln
		SccProjectName21 = 03_Process/ALISS.Process.Library
		SccLocalPath21 = 03_Process\\ALISS.Process.Library
		SccProjectUniqueName22 = 03_Process\\ALISS.Process.DTO\\ALISS.Process.DTO.csproj
		SccProjectTopLevelParentUniqueName22 = ALISS_PROJECT.sln
		SccProjectName22 = 03_Process/ALISS.Process.DTO
		SccLocalPath22 = 03_Process\\ALISS.Process.DTO
		SccProjectUniqueName23 = 03_Process\\ALISS.Process.Library.Test\\ALISS.Process.Library.Test.csproj
		SccProjectTopLevelParentUniqueName23 = ALISS_PROJECT.sln
		SccProjectName23 = 03_Process/ALISS.Process.Library.Test
		SccLocalPath23 = 03_Process\\ALISS.Process.Library.Test
		SccProjectUniqueName24 = 00_Master\\ALISS.DropDownList.Api\\ALISS.DropDownList.Api.csproj
		SccProjectTopLevelParentUniqueName24 = ALISS_PROJECT.sln
		SccProjectName24 = 00_Master/ALISS.DropDownList.Api
		SccLocalPath24 = 00_Master\\ALISS.DropDownList.Api
		SccProjectUniqueName25 = 00_Master\\ALISS.DropDownList.DTO\\ALISS.DropDownList.DTO.csproj
		SccProjectTopLevelParentUniqueName25 = ALISS_PROJECT.sln
		SccProjectName25 = 00_Master/ALISS.DropDownList.DTO
		SccLocalPath25 = 00_Master\\ALISS.DropDownList.DTO
		SccProjectUniqueName26 = 00_Master\\ALISS.DropDownList.Library\\ALISS.DropDownList.Library.csproj
		SccProjectTopLevelParentUniqueName26 = ALISS_PROJECT.sln
		SccProjectName26 = 00_Master/ALISS.DropDownList.Library
		SccLocalPath26 = 00_Master\\ALISS.DropDownList.Library
		SccProjectUniqueName27 = 00_Master\\ALISS.LoginManagement.Api\\ALISS.LoginManagement.Api.csproj
		SccProjectTopLevelParentUniqueName27 = ALISS_PROJECT.sln
		SccProjectName27 = 00_Master/ALISS.LoginManagement.Api
		SccLocalPath27 = 00_Master\\ALISS.LoginManagement.Api
		SccProjectUniqueName28 = 00_Master\\ALISS.LoginManagement.DTO\\ALISS.LoginManagement.DTO.csproj
		SccProjectTopLevelParentUniqueName28 = ALISS_PROJECT.sln
		SccProjectName28 = 00_Master/ALISS.LoginManagement.DTO
		SccLocalPath28 = 00_Master\\ALISS.LoginManagement.DTO
		SccProjectUniqueName29 = 00_Master\\ALISS.LoginManagement.Library\\ALISS.LoginManagement.Library.csproj
		SccProjectTopLevelParentUniqueName29 = ALISS_PROJECT.sln
		SccProjectName29 = 00_Master/ALISS.LoginManagement.Library
		SccLocalPath29 = 00_Master\\ALISS.LoginManagement.Library
		SccProjectUniqueName30 = 02_Mapping\\ALISS.Mapping.Api\\ALISS.Mapping.Api.csproj
		SccProjectTopLevelParentUniqueName30 = ALISS_PROJECT.sln
		SccProjectName30 = 02_Mapping/ALISS.Mapping.Api
		SccLocalPath30 = 02_Mapping\\ALISS.Mapping.Api
		SccProjectUniqueName31 = 02_Mapping\\ALISS.Mapping.DTO\\ALISS.Mapping.DTO.csproj
		SccProjectTopLevelParentUniqueName31 = ALISS_PROJECT.sln
		SccProjectName31 = 02_Mapping/ALISS.Mapping.DTO
		SccLocalPath31 = 02_Mapping\\ALISS.Mapping.DTO
		SccProjectUniqueName32 = 02_Mapping\\ALISS.Mapping.Library\\ALISS.Mapping.Library.csproj
		SccProjectTopLevelParentUniqueName32 = ALISS_PROJECT.sln
		SccProjectName32 = 02_Mapping/ALISS.Mapping.Library
		SccLocalPath32 = 02_Mapping\\ALISS.Mapping.Library
		SccProjectUniqueName33 = 01_Upload\\ALISS.LabFileUpload.Api\\ALISS.LabFileUpload.Api.csproj
		SccProjectTopLevelParentUniqueName33 = ALISS_PROJECT.sln
		SccProjectName33 = 01_Upload/ALISS.LabFileUpload.Api
		SccLocalPath33 = 01_Upload\\ALISS.LabFileUpload.Api
		SccProjectUniqueName34 = 01_Upload\\ALISS.LabFileUpload.DTO\\ALISS.LabFileUpload.DTO.csproj
		SccProjectTopLevelParentUniqueName34 = ALISS_PROJECT.sln
		SccProjectName34 = 01_Upload/ALISS.LabFileUpload.DTO
		SccLocalPath34 = 01_Upload\\ALISS.LabFileUpload.DTO
		SccProjectUniqueName35 = 01_Upload\\ALISS.LabFileUpload.Library\\ALISS.LabFileUpload.Library.csproj
		SccProjectTopLevelParentUniqueName35 = ALISS_PROJECT.sln
		SccProjectName35 = 01_Upload/ALISS.LabFileUpload.Library
		SccLocalPath35 = 01_Upload\\ALISS.LabFileUpload.Library
		SccProjectUniqueName36 = 01_Upload\\ALISS.LabFileUpload.Batch\\ALISS.LabFileUpload.Batch.csproj
		SccProjectTopLevelParentUniqueName36 = ALISS_PROJECT.sln
		SccProjectName36 = 01_Upload/ALISS.LabFileUpload.Batch
		SccLocalPath36 = 01_Upload\\ALISS.LabFileUpload.Batch
		SccProjectUniqueName37 = 06_Report\\ALISS.ANTIBIOGRAM.Api\\ALISS.ANTIBIOGRAM.Api.csproj
		SccProjectTopLevelParentUniqueName37 = ALISS_PROJECT.sln
		SccProjectName37 = 06_Report/ALISS.ANTIBIOGRAM.Api
		SccLocalPath37 = 06_Report\\ALISS.ANTIBIOGRAM.Api
		SccProjectUniqueName38 = 06_Report\\ALISS.ANTIBIOGRAM.DTO\\ALISS.ANTIBIOGRAM.DTO.csproj
		SccProjectTopLevelParentUniqueName38 = ALISS_PROJECT.sln
		SccProjectName38 = 06_Report/ALISS.ANTIBIOGRAM.DTO
		SccLocalPath38 = 06_Report\\ALISS.ANTIBIOGRAM.DTO
		SccProjectUniqueName39 = 06_Report\\ALISS.ANTIBIOGRAM.Library\\ALISS.ANTIBIOGRAM.Library.csproj
		SccProjectTopLevelParentUniqueName39 = ALISS_PROJECT.sln
		SccProjectName39 = 06_Report/ALISS.ANTIBIOGRAM.Library
		SccLocalPath39 = 06_Report\\ALISS.ANTIBIOGRAM.Library
		SccProjectUniqueName40 = 06_Report\\ALISS.ANTIBIOTREND.Api\\ALISS.ANTIBIOTREND.Api.csproj
		SccProjectTopLevelParentUniqueName40 = ALISS_PROJECT.sln
		SccProjectName40 = 06_Report/ALISS.ANTIBIOTREND.Api
		SccLocalPath40 = 06_Report\\ALISS.ANTIBIOTREND.Api
		SccProjectUniqueName41 = 06_Report\\ALISS.ANTIBIOTREND.DTO\\ALISS.ANTIBIOTREND.DTO.csproj
		SccProjectTopLevelParentUniqueName41 = ALISS_PROJECT.sln
		SccProjectName41 = 06_Report/ALISS.ANTIBIOTREND.DTO
		SccLocalPath41 = 06_Report\\ALISS.ANTIBIOTREND.DTO
		SccProjectUniqueName42 = 06_Report\\ALISS.ANTIBIOTREND.Library\\ALISS.ANTIBIOTREND.Library.csproj
		SccProjectTopLevelParentUniqueName42 = ALISS_PROJECT.sln
		SccProjectName42 = 06_Report/ALISS.ANTIBIOTREND.Library
		SccLocalPath42 = 06_Report\\ALISS.ANTIBIOTREND.Library
		SccProjectUniqueName43 = 06_Report\\ALISS.EXPORT.Api\\ALISS.EXPORT.Api.csproj
		SccProjectTopLevelParentUniqueName43 = ALISS_PROJECT.sln
		SccProjectName43 = 06_Report/ALISS.EXPORT.Api
		SccLocalPath43 = 06_Report\\ALISS.EXPORT.Api
		SccProjectUniqueName44 = 06_Report\\ALISS.EXPORT.Library\\ALISS.EXPORT.Library.csproj
		SccProjectTopLevelParentUniqueName44 = ALISS_PROJECT.sln
		SccProjectName44 = 06_Report/ALISS.EXPORT.Library
		SccLocalPath44 = 06_Report\\ALISS.EXPORT.Library
		SccProjectUniqueName45 = 06_Report\\ALISS.GLASS.Api\\ALISS.GLASS.Api.csproj
		SccProjectTopLevelParentUniqueName45 = ALISS_PROJECT.sln
		SccProjectName45 = 06_Report/ALISS.GLASS.Api
		SccLocalPath45 = 06_Report\\ALISS.GLASS.Api
		SccProjectUniqueName46 = 06_Report\\ALISS.GLASS.DTO\\ALISS.GLASS.DTO.csproj
		SccProjectTopLevelParentUniqueName46 = ALISS_PROJECT.sln
		SccProjectName46 = 06_Report/ALISS.GLASS.DTO
		SccLocalPath46 = 06_Report\\ALISS.GLASS.DTO
		SccProjectUniqueName47 = 05_HISData\\ALISS.HISUpload.Api\\ALISS.HISUpload.Api.csproj
		SccProjectTopLevelParentUniqueName47 = ALISS_PROJECT.sln
		SccProjectName47 = 05_HISData/ALISS.HISUpload.Api
		SccLocalPath47 = 05_HISData\\ALISS.HISUpload.Api
		SccProjectUniqueName48 = 05_HISData\\ALISS.HISUpload.DTO\\ALISS.HISUpload.DTO.csproj
		SccProjectTopLevelParentUniqueName48 = ALISS_PROJECT.sln
		SccProjectName48 = 05_HISData/ALISS.HISUpload.DTO
		SccLocalPath48 = 05_HISData\\ALISS.HISUpload.DTO
		SccProjectUniqueName49 = 05_HISData\\ALISS.HISUpload.Library\\ALISS.HISUpload.Library.csproj
		SccProjectTopLevelParentUniqueName49 = ALISS_PROJECT.sln
		SccProjectName49 = 05_HISData/ALISS.HISUpload.Library
		SccLocalPath49 = 05_HISData\\ALISS.HISUpload.Library
		SccProjectUniqueName50 = 05_HISData\\ALISS.HISUpload.Batch\\ALISS.HISUpload.Batch.csproj
		SccProjectTopLevelParentUniqueName50 = ALISS_PROJECT.sln
		SccProjectName50 = 05_HISData/ALISS.HISUpload.Batch
		SccLocalPath50 = 05_HISData\\ALISS.HISUpload.Batch
		SccProjectUniqueName51 = 06_Report\\ALISS.GLASS.Library\\ALISS.GLASS.Library.csproj
		SccProjectTopLevelParentUniqueName51 = ALISS_PROJECT.sln
		SccProjectName51 = 06_Report/ALISS.GLASS.Library
		SccLocalPath51 = 06_Report\\ALISS.GLASS.Library
		SccProjectUniqueName52 = 03_Process\\ALISS.Process.Batch\\ALISS.Process.Batch.csproj
		SccProjectTopLevelParentUniqueName52 = ALISS_PROJECT.sln
		SccProjectName52 = 03_Process/ALISS.Process.Batch
		SccLocalPath52 = 03_Process\\ALISS.Process.Batch
		SccProjectUniqueName53 = 06_Report\\ALISS.ANTIBIOGRAM.Library.Test\\ALISS.ANTIBIOGRAM.Library.Test.csproj
		SccProjectTopLevelParentUniqueName53 = ALISS_PROJECT.sln
		SccProjectName53 = 06_Report/ALISS.ANTIBIOGRAM.Library.Test
		SccLocalPath53 = 06_Report\\ALISS.ANTIBIOGRAM.Library.Test
		SccProjectUniqueName54 = 00_DataAccess\\ALISS.TC.WHONET_Antibiotics\\ALISS.TC.WHONET_Antibiotics.csproj
		SccProjectTopLevelParentUniqueName54 = ALISS_PROJECT.sln
		SccProjectName54 = 00_DataAccess/ALISS.TC.WHONET_Antibiotics
		SccLocalPath54 = 00_DataAccess\\ALISS.TC.WHONET_Antibiotics
		SccProjectUniqueName55 = 00_Master\\ALISS.Master.WHONET.Library\\ALISS.Master.WHONET.Library.csproj
		SccProjectTopLevelParentUniqueName55 = ALISS_PROJECT.sln
		SccProjectName55 = 00_Master/ALISS.Master.WHONET.Library
		SccLocalPath55 = 00_Master\\ALISS.Master.WHONET.Library
	EndGlobalSection
EndGlobal
